
Microsoft Visual Studio Solution File, Format Version 12.00
# Visual Studio 15
VisualStudioVersion = 15.0.28307.852
MinimumVisualStudioVersion = 10.0.40219.1
Project("{FAE04EC0-301F-11D3-BF4B-00C04F79EFBC}") = "Ez-Tech", "Ez-Tech\Ez-Tech.csproj", "{25F85482-4AFE-4EE7-BD51-2E65DE609A64}"
EndProject
Global
	GlobalSection(SolutionConfigurationPlatforms) = preSolution
		Debug|ARM = Debug|ARM
		Debug|ARM64 = Debug|ARM64
		Debug|x64 = Debug|x64
		Debug|x86 = Debug|x86
		Release|ARM = Release|ARM
		Release|ARM64 = Release|ARM64
		Release|x64 = Release|x64
		Release|x86 = Release|x86
	EndGlobalSection
	GlobalSection(ProjectConfigurationPlatforms) = postSolution
		{25F85482-4AFE-4EE7-BD51-2E65DE609A64}.Debug|ARM.ActiveCfg = Debug|ARM
		{25F85482-4AFE-4EE7-BD51-2E65DE609A64}.Debug|ARM.Build.0 = Debug|ARM
		{25F85482-4AFE-4EE7-BD51-2E65DE609A64}.Debug|ARM.Deploy.0 = Debug|ARM
		{25F85482-4AFE-4EE7-BD51-2E65DE609A64}.Debug|ARM64.ActiveCfg = Debug|ARM64
		{25F85482-4AFE-4EE7-BD51-2E65DE609A64}.Debug|ARM64.Build.0 = Debug|ARM64
		{25F85482-4AFE-4EE7-BD51-2E65DE609A64}.Debug|ARM64.Deploy.0 = Debug|ARM64
		{25F85482-4AFE-4EE7-BD51-2E65DE609A64}.Debug|x64.ActiveCfg = Debug|x64
		{25F85482-4AFE-4EE7-BD51-2E65DE609A64}.Debug|x64.Build.0 = Debug|x64
		{25F85482-4AFE-4EE7-BD51-2E65DE609A64}.Debug|x64.Deploy.0 = Debug|x64
		{25F85482-4AFE-4EE7-BD51-2E65DE609A64}.Debug|x86.ActiveCfg = Debug|x86
		{25F85482-4AFE-4EE7-BD51-2E65DE609A64}.Debug|x86.Build.0 = Debug|x86
		{25F85482-4AFE-4EE7-BD51-2E65DE609A64}.Debug|x86.Deploy.0 = Debug|x86
		{25F85482-4AFE-4EE7-BD51-2E65DE609A64}.Release|ARM.ActiveCfg = Release|ARM
		{25F85482-4AFE-4EE7-BD51-2E65DE609A64}.Release|ARM.Build.0 = Release|ARM
		{25F85482-4AFE-4EE7-BD51-2E65DE609A64}.Release|ARM.Deploy.0 = Release|ARM
		{25F85482-4AFE-4EE7-BD51-2E65DE609A64}.Release|ARM64.ActiveCfg = Release|ARM64
		{25F85482-4AFE-4EE7-BD51-2E65DE609A64}.Release|ARM64.Build.0 = Release|ARM64
		{25F85482-4AFE-4EE7-BD51-2E65DE609A64}.Release|ARM64.Deploy.0 = Release|ARM64
		{25F85482-4AFE-4EE7-BD51-2E65DE609A64}.Release|x64.ActiveCfg = Release|x64
		{25F85482-4AFE-4EE7-BD51-2E65DE609A64}.Release|x64.Build.0 = Release|x64
		{25F85482-4AFE-4EE7-BD51-2E65DE609A64}.Release|x64.Deploy.0 = Release|x64
		{25F85482-4AFE-4EE7-BD51-2E65DE609A64}.Release|x86.ActiveCfg = Release|x86
		{25F85482-4AFE-4EE7-BD51-2E65DE609A64}.Release|x86.Build.0 = Release|x86
		{25F85482-4AFE-4EE7-BD51-2E65DE609A64}.Release|x86.Deploy.0 = Release|x86
	EndGlobalSection
	GlobalSection(SolutionProperties) = preSolution
		HideSolutionNode = FALSE
	EndGlobalSection
	GlobalSection(ExtensibilityGlobals) = postSolution
		SolutionGuid = {959843F8-43D1-4A9C-97CF-ED0E4D676A13}
	EndGlobalSection
EndGlobal
